{
  "name": "helios-time-lock-debugger-demo",
  "lockfileVersion": 3,
  "requires": true,
  "packages": {
    "": {
      "name": "helios-time-lock-debugger-demo",
      "dependencies": {
        "@helios-lang/compiler": "0.17.33",
        "@helios-lang/contract-utils": "0.3.22",
        "@helios-lang/ledger": "0.7.24",
        "@helios-lang/tx-utils": "0.6.41",
        "dotenv": "^18.0.4"
      }
    },
    "node_modules/@helios-lang/cbor": {
      "version": "0.3.1",
      "resolved": "https://registry.npmjs.org/@helios-lang/cbor/-/cbor-0.3.1.tgz",
      "integrity": "sha512-BFUA4TKYJ/pOT/L0nXRcuwpKwTUjTvFBXvvpdgQevfyVM7hHOXXJfkO5s5FYjnjs4TFkO2XxuF3YZl9d8k/UVQ==",
      "license": "BSD-3-Clause",
      "dependencies": {
        "@helios-lang/codec-utils": "^0.3.4"
      }
    },
    "node_modules/@helios-lang/cli-utils": {
      "version": "0.1.10",
      "resolved": "https://registry.npmjs.org/@helios-lang/cli-utils/-/cli-utils-0.1.10.tgz",
      "integrity": "sha512-aefnkQwn0ybaDfoM6/+999uErac4/c7xKs4McYomjQY5cOnJ1L1BitPQQv3KQIcgHVTdBv/pTj8WDyU8XZ0DeQ==",
      "license": "BSD-3-Clause",
      "dependencies": {
        "@helios-lang/codec-utils": "^0.2.1",
        "@helios-lang/type-utils": "^0.1.25"
      }
    },
    "node_modules/@helios-lang/cli-utils/node_modules/@helios-lang/codec-utils": {
      "version": "0.2.1",
      "resolved": "https://registry.npmjs.org/@helios-lang/codec-utils/-/codec-utils-0.2.1.tgz",
      "integrity": "sha512-KM+OsiLp2j7po5y2pFv/ybncOlqek0M6IiWpxDVZdN2gc7d6DwPWQaLjZEbelMHWxObO2M7c16CgsZXutdxtXg==",
      "license": "BSD-3-Clause"
    },
    "node_modules/@helios-lang/cli-utils/node_modules/@helios-lang/type-utils": {
      "version": "0.1.25",
      "resolved": "https://registry.npmjs.org/@helios-lang/type-utils/-/type-utils-0.1.25.tgz",
      "integrity": "sha512-tOqyBWtaI6n/xhfaZr8cnL+Syv0X5whbxpzPLayfDwllI9el54fQ4P4e8CUUm2ls8WNSAgC9razCd2Q3qnMwlA==",
      "license": "BSD-3-Clause"
    },
    "node_modules/@helios-lang/codec-utils": {
      "version": "0.3.4",
      "resolved": "https://registry.npmjs.org/@helios-lang/codec-utils/-/codec-utils-0.3.4.tgz",
      "integrity": "sha512-YiYwBwkbRmu9/4tqHNGIk/haVb0+MLrwXZc+6/KMwGT5WKzypZSkDgH+aZEdHtdTmYhVyIj9ojBljAhMxi8ezg==",
      "license": "BSD-3-Clause"
    },
    "node_modules/@helios-lang/compiler": {
      "version": "0.17.33",
      "resolved": "https://registry.npmjs.org/@helios-lang/compiler/-/compiler-0.17.33.tgz",
      "integrity": "sha512-F/hxP3Hm5CsxCd0JKm3NhcqAnAFtTIgCY0aSD79RFCzoWRchIUY+lx3XZrW/UTEtNoEq4W9ngi+l3SAOF4Dn4Q==",
      "license": "BSD-3-Clause",
      "dependencies": {
        "@helios-lang/codec-utils": "^0.3.4",
        "@helios-lang/compiler-utils": "^0.5.17",
        "@helios-lang/ir": "0.3.10",
        "@helios-lang/type-utils": "^0.3.0",
        "@helios-lang/uplc": "^0.7.20"
      }
    },
    "node_modules/@helios-lang/compiler-utils": {
      "version": "0.5.17",
      "resolved": "https://registry.npmjs.org/@helios-lang/compiler-utils/-/compiler-utils-0.5.17.tgz",
      "integrity": "sha512-xenbr9vCLqnzhW2K57nisZOP2tOKlwsXA3M9HvukmMzBw/faNViTypKdE1pyu8ivM27OUDarxRlYMnD+zsX/fQ==",
      "license": "BSD-3-Clause",
      "dependencies": {
        "@helios-lang/codec-utils": "^0.3.4",
        "@helios-lang/type-utils": "^0.2.9"
      }
    },
    "node_modules/@helios-lang/compiler-utils/node_modules/@helios-lang/type-utils": {
      "version": "0.2.9",
      "resolved": "https://registry.npmjs.org/@helios-lang/type-utils/-/type-utils-0.2.9.tgz",
      "integrity": "sha512-79/aGqD9ZXNXUypDHf+tSSg4PBacovX5Q4U2GXKVcaH5a194PVZJ+Dsz2J5vLREUeSwSM7HLTEysqasyadbtEQ==",
      "license": "BSD-3-Clause"
    },
    "node_modules/@helios-lang/contract-utils": {
      "version": "0.3.22",
      "resolved": "https://registry.npmjs.org/@helios-lang/contract-utils/-/contract-utils-0.3.22.tgz",
      "integrity": "sha512-nvZZ6a1AJIHzArJL0UkWlpkqmcFIRFiYjcDp3Jb/FViro59zpOm/dcnG2ggJ3NPWUt3ixTrn43EXtOa9BDN5dQ==",
      "license": "BSD-3-Clause",
      "dependencies": {
        "@helios-lang/cli-utils": "^0.1.10",
        "@helios-lang/codec-utils": "^0.3.4",
        "@helios-lang/compiler-utils": "^0.5.15",
        "@helios-lang/crypto": "0.2.3",
        "@helios-lang/ledger": "^0.7.8",
        "@helios-lang/type-utils": "^0.3.0",
        "@helios-lang/uplc": "^0.7.15",
        "open": "^10.2.0"
      },
      "bin": {
        "helios": "src/helios.mjs",
        "hl2ts": "src/hl2ts.js"
      },
      "engines": {
        "node": ">=22"
      },
      "peerDependencies": {
        "@helios-lang/compiler": "^0.16.0 || ^0.17.0"
      }
    },
    "node_modules/@helios-lang/crypto": {
      "version": "0.2.3",
      "resolved": "https://registry.npmjs.org/@helios-lang/crypto/-/crypto-0.2.3.tgz",
      "integrity": "sha512-Vyauv8fSrev2BFVn5RrHvMtgHzClogWFnX9CPm8024NEzlEL6jrXYiF8VAoegWX46GGZQE2ZEZxZciiKClaR3A==",
      "license": "BSD-3-Clause",
      "dependencies": {
        "@helios-lang/codec-utils": "^0.3.4",
        "@helios-lang/type-utils": "0.2.9"
      }
    },
    "node_modules/@helios-lang/crypto/node_modules/@helios-lang/type-utils": {
      "version": "0.2.9",
      "resolved": "https://registry.npmjs.org/@helios-lang/type-utils/-/type-utils-0.2.9.tgz",
      "integrity": "sha512-79/aGqD9ZXNXUypDHf+tSSg4PBacovX5Q4U2GXKVcaH5a194PVZJ+Dsz2J5vLREUeSwSM7HLTEysqasyadbtEQ==",
      "license": "BSD-3-Clause"
    },
    "node_modules/@helios-lang/era": {
      "version": "0.1.5",
      "resolved": "https://registry.npmjs.org/@helios-lang/era/-/era-0.1.5.tgz",
      "integrity": "sha512-r6ZyLSVNMPqgMXhdtXumx3JGQ24QmCST77CmXypF0UaLzgZBj19bUt2UGX7P8MNth4VRlKsT42EqEfMh7KirsA==",
      "license": "BSD-3-Clause"
    },
    "node_modules/@helios-lang/ir": {
      "version": "0.3.10",
      "resolved": "https://registry.npmjs.org/@helios-lang/ir/-/ir-0.3.10.tgz",
      "integrity": "sha512-Lx2Si3QhAHTnvuFwt7mAA+zwQusJu6dGZTShEx6GgQY9PGrzoApj0fqYKg1NI06AfHSSOFxlDZKG7rBbHFcKvA==",
      "license": "BSD-3-Clause",
      "dependencies": {
        "@helios-lang/codec-utils": "^0.3.4",
        "@helios-lang/compiler-utils": "^0.5.17",
        "@helios-lang/type-utils": "^0.3.0",
        "@helios-lang/uplc": "^0.7.20"
      }
    },
    "node_modules/@helios-lang/ledger": {
      "version": "0.7.24",
      "resolved": "https://registry.npmjs.org/@helios-lang/ledger/-/ledger-0.7.24.tgz",
      "integrity": "sha512-OQ1ugthkp+n/7YNkgMTAmaphICGu0Wc9LTwnSjx8N7LbAcP9VLycyNTefngkXUax0CxeDVT9qzC4REYCqvvfuA==",
      "license": "BSD-3-Clause",
      "dependencies": {
        "@helios-lang/cbor": "^0.3.1",
        "@helios-lang/codec-utils": "^0.3.4",
        "@helios-lang/crypto": "^0.2.3",
        "@helios-lang/type-utils": "^0.3.0",
        "@helios-lang/uplc": "^0.7.18"
      }
    },
    "node_modules/@helios-lang/tx-utils": {
      "version": "0.6.41",
      "resolved": "https://registry.npmjs.org/@helios-lang/tx-utils/-/tx-utils-0.6.41.tgz",
      "integrity": "sha512-vLJWLERp3KXMwUZlsoePraTv1n9t8cLcYdsaOkt/n/id9BVwSwYn4HMn6GPFHqtvLHMZjkHw660Kjp36vtWDQg==",
      "license": "BSD-3-Clause",
      "dependencies": {
        "@helios-lang/cbor": "^0.3.1",
        "@helios-lang/codec-utils": "^0.3.4",
        "@helios-lang/crypto": "^0.2.3",
        "@helios-lang/ledger": "^0.7.24",
        "@helios-lang/type-utils": "^0.3.0",
        "@helios-lang/uplc": "0.7.20"
      }
    },
    "node_modules/@helios-lang/type-utils": {
      "version": "0.3.0",
      "resolved": "https://registry.npmjs.org/@helios-lang/type-utils/-/type-utils-0.3.0.tgz",
      "integrity": "sha512-7iEzd/6Qw7srA5ye2gveUcNlRA5jpZZ2YGeCOZc93irpFwpZaJl8P35yQfRXTRfX77W5t57Hc+Zmg/I2eGbq2Q==",
      "license": "BSD-3-Clause"
    },
    "node_modules/@helios-lang/uplc": {
      "version": "0.7.20",
      "resolved": "https://registry.npmjs.org/@helios-lang/uplc/-/uplc-0.7.20.tgz",
      "integrity": "sha512-c7X1JS4GM5Z5t3QZKkHMwd2bszLxRIoNMWo0OlqORtgC0v6opsmfzmCmc7sxjcS+6/UIgZKAv9JltQM1KfGSLQ==",
      "license": "BSD-3-Clause",
      "dependencies": {
        "@helios-lang/cbor": "^0.3.0",
        "@helios-lang/codec-utils": "^0.3.4",
        "@helios-lang/compiler-utils": "^0.5.14",
        "@helios-lang/crypto": "^0.2.3",
        "@helios-lang/era": "^0.1.4",
        "@helios-lang/type-utils": "^0.2.9"
      }
    },
    "node_modules/@helios-lang/uplc/node_modules/@helios-lang/type-utils": {
      "version": "0.2.9",
      "resolved": "https://registry.npmjs.org/@helios-lang/type-utils/-/type-utils-0.2.9.tgz",
      "integrity": "sha512-79/aGqD9ZXNXUypDHf+tSSg4PBacovX5Q4U2GXKVcaH5a194PVZJ+Dsz2J5vLREUeSwSM7HLTEysqasyadbtEQ==",
      "license": "BSD-3-Clause"
    },
    "node_modules/bundle-name": {
      "version": "4.1.1",
      "resolved": "https://registry.npmjs.org/bundle-name/-/bundle-name-4.1.1.tgz",
      "integrity": "sha512-DdH81/zPLVS11EUgWq3tEu/xn+EzljlMYooDNdzWEnFha3R3NBMpMV1UqYIpjYHV/SgpFKMIX1Oh7o06SjM/oA==",
      "license": "MIT",
      "dependencies": {
        "run-applescript": "^7.0.0"
      },
      "engines": {
        "node": ">=18"
      },
      "funding": {
        "url": "https://github.com/sponsors/sindresorhus"
      }
    },
    "node_modules/default-browser": {
      "version": "5.5.1",
      "resolved": "https://registry.npmjs.org/default-browser/-/default-browser-5.5.1.tgz",
      "integrity": "sha512-m1pAzaJgZ/gssEqlOhJkPJp8Xly7QyW6xcrkUa2KKcDeDSEMP7X8xipU3snUcfisTQx0w1AGae+9UtJSfVnXGw==",
      "license": "MIT",
      "dependencies": {
        "bundle-name": "^4.1.0",
        "default-browser-id": "^5.0.0"
      },
      "engines": {
        "node": ">=18"
      },
      "funding": {
        "url": "https://github.com/sponsors/sindresorhus"
      }
    },
    "node_modules/default-browser-id": {
      "version": "5.0.1",
      "resolved": "https://registry.npmjs.org/default-browser-id/-/default-browser-id-5.0.1.tgz",
      "integrity": "sha512-x1VCxdX4t+8wVfd1so/9w+vQ4vx7lKd2Qp5tDRutErwmR85OgmfX7RlLRMWafRMY7hbEiXIbudNrjOAPa/hL8Q==",
      "license": "MIT",
      "engines": {
        "node": ">=18"
      },
      "funding": {
        "url": "https://github.com/sponsors/sindresorhus"
      }
    },
    "node_modules/define-lazy-prop": {
      "version": "3.0.0",
      "resolved": "https://registry.npmjs.org/define-lazy-prop/-/define-lazy-prop-3.0.0.tgz",
      "integrity": "sha512-N+MeXYoqr3pOgn8xfyRPREN7gHakLYjhsHhWGT3fWAiL4IkAt0iDw14QiiEm2bE30c5XX5q0FtAA3CK5f9/BUg==",
      "license": "MIT",
      "engines": {
        "node": ">=12"
      },
      "funding": {
        "url": "https://github.com/sponsors/sindresorhus"
      }
    },
    "node_modules/dotenv": {
      "version": "18.0.4",
      "resolved": "https://registry.npmjs.org/dotenv/-/dotenv-18.0.4.tgz",
      "integrity": "sha512-jGt9uI5BIxpVO15kvy+iEFqNAwxYClKWnkptLjSNPnFLC003Imd0ofr3aEVsbpHdSBdSsbcApNIlz4nbyGMwdA==",
      "license": "BSD-2-Clause",
      "bin": {
        "dotenv": "dist/index.cjs"
      },
      "engines": {
        "node": ">=12"
      },
      "funding": {
        "url": "https://dotenvx.com"
      }
    },
    "node_modules/is-docker": {
      "version": "3.0.0",
      "resolved": "https://registry.npmjs.org/is-docker/-/is-docker-3.0.0.tgz",
      "integrity": "sha512-eljcgEDlEns/7AXFosB5K/2nCM4P7FQPkGc/DWLy5rmFEWvZayGrik1d9/QIY5nJ4f9YsVvBkA6kJpHn9rISdQ==",
      "license": "MIT",
      "bin": {
        "is-docker": "cli.js"
      },
      "engines": {
        "node": "^12.20.0 || ^14.13.1 || >=16.0.0"
      },
      "funding": {
        "url": "https://github.com/sponsors/sindresorhus"
      }
    },
    "node_modules/is-inside-container": {
      "version": "1.0.0",
      "resolved": "https://registry.npmjs.org/is-inside-container/-/is-inside-container-1.0.0.tgz",
      "integrity": "sha512-KIYLCCJghfHZxqjYBE7rEy0OBuTd5xCHS7tHVgvCLkx7StIoaxwNW3hCALgEUjFfeRk+MG/Qxmp/vtETEF3tRA==",
      "license": "MIT",
      "dependencies": {
        "is-docker": "^3.0.0"
      },
      "bin": {
        "is-inside-container": "cli.js"
      },
      "engines": {
        "node": ">=14.16"
      },
      "funding": {
        "url": "https://github.com/sponsors/sindresorhus"
      }
    },
    "node_modules/is-wsl": {
      "version": "3.1.1",
      "resolved": "https://registry.npmjs.org/is-wsl/-/is-wsl-3.1.1.tgz",
      "integrity": "sha512-e6rvdUCiQCAuumZslxRJWR/Doq4VpPR82kqclvcS0efgt430SlGIk05vdCN58+VrzgtIcfNODjozVielycD4Sw==",
      "license": "MIT",
      "dependencies": {
        "is-inside-container": "^1.0.0"
      },
      "engines": {
        "node": ">=16"
      },
      "funding": {
        "url": "https://github.com/sponsors/sindresorhus"
      }
    },
    "node_modules/open": {
      "version": "10.2.0",
      "resolved": "https://registry.npmjs.org/open/-/open-10.2.0.tgz",
      "integrity": "sha512-YgBpdJHPyQ2UE5x+hlSXcnejzAvD0b22U2OuAP+8OnlJT+PjWPxtgmGqKKc+RgTM63U9gN0YzrYc71R2WT/hTA==",
      "license": "MIT",
      "dependencies": {
        "default-browser": "^5.2.1",
        "define-lazy-prop": "^3.0.0",
        "is-inside-container": "^1.0.0",
        "wsl-utils": "^0.1.0"
      },
      "engines": {
        "node": ">=18"
      },
      "funding": {
        "url": "https://github.com/sponsors/sindresorhus"
      }
    },
    "node_modules/run-applescript": {
      "version": "7.1.0",
      "resolved": "https://registry.npmjs.org/run-applescript/-/run-applescript-7.1.0.tgz",
      "integrity": "sha512-DPe5pVFaAsinSaV6QjQ6gdiedWDcRCbUuiQfQa2wmWV7+xC9bGulGI8+TdRmoFkAPaBXk8CrAbnlY2ISniJ47Q==",
      "license": "MIT",
      "engines": {
        "node": ">=18"
      },
      "funding": {
        "url": "https://github.com/sponsors/sindresorhus"
      }
    },
    "node_modules/wsl-utils": {
      "version": "0.1.0",
      "resolved": "https://registry.npmjs.org/wsl-utils/-/wsl-utils-0.1.0.tgz",
      "integrity": "sha512-h3Fbisa2nKGPxCpm89Hk33lBLsnaGBvctQopaBSOW/uIs6FTe1ATyAnKFJrzVs9vpGdsTe73WF3V4lIsk4Gacw==",
      "license": "MIT",
      "dependencies": {
        "is-wsl": "^3.1.0"
      },
      "engines": {
        "node": ">=18"
      },
      "funding": {
        "url": "https://github.com/sponsors/sindresorhus"
      }
    }
  }
}
